
Microsoft Visual Studio Solution File, Format Version 12.00
# Visual Studio Version 16
VisualStudioVersion = 16.0.32428.217
MinimumVisualStudioVersion = 10.0.40219.1
Project("{9A19103F-16F7-4668-BE54-9A1E7A4F7556}") = "EscolaAPI", "EscolaAPI\EscolaAPI.csproj", "{A77BFDFA-BC5E-4F7F-AF44-10350D3B834B}"
EndProject
Project("{2150E333-8FDC-42A3-9474-1A3956D46DE8}") = "1-Presentation", "1-Presentation", "{07D743A6-038B-4617-8FF9-7F324F82A243}"
EndProject
Project("{2150E333-8FDC-42A3-9474-1A3956D46DE8}") = "2-Application", "2-Application", "{298FA6A3-5542-408B-B81D-7F7DCB2DAC4D}"
EndProject
Project("{2150E333-8FDC-42A3-9474-1A3956D46DE8}") = "3-Domain", "3-Domain", "{B9D2AC85-F618-46C0-96BB-12908D5BD0CE}"
EndProject
Project("{2150E333-8FDC-42A3-9474-1A3956D46DE8}") = "4-Data", "4-Data", "{719CAD11-E00A-4530-9A65-92E4D5F3997F}"
EndProject
Project("{9A19103F-16F7-4668-BE54-9A1E7A4F7556}") = "EstudoAPI.Domain", "EstudoAPI.Domain\EstudoAPI.Domain.csproj", "{764A0A62-E264-45E6-A99C-599747CD0518}"
EndProject
Project("{9A19103F-16F7-4668-BE54-9A1E7A4F7556}") = "EstudoAPI.Data", "EstudoAPI.Data\EstudoAPI.Data.csproj", "{8ECE34D9-7B03-45FD-9A24-8F2AF2349657}"
EndProject
Project("{9A19103F-16F7-4668-BE54-9A1E7A4F7556}") = "EstudoAPI.Application", "EstudoAPI.Application\EstudoAPI.Application.csproj", "{97798E8F-CCFA-4330-925C-A5ADF31CF38E}"
EndProject
Project("{2150E333-8FDC-42A3-9474-1A3956D46DE8}") = "5-IoC", "5-IoC", "{C600D23A-2A3A-4E3B-9262-76B7195E8F55}"
EndProject
Project("{9A19103F-16F7-4668-BE54-9A1E7A4F7556}") = "EstudoAPI.IoC", "EstudoAPI.IoC\EstudoAPI.IoC.csproj", "{A6262337-FB2C-4BF3-872B-7DCDB042C4EB}"
EndProject
Project("{2150E333-8FDC-42A3-9474-1A3956D46DE8}") = "6-Test", "6-Test", "{BE48F186-5F9D-4DB9-93ED-32A7936DB061}"
EndProject
Project("{9A19103F-16F7-4668-BE54-9A1E7A4F7556}") = "EstudoAPI.Test", "EstudoAPI.Test\EstudoAPI.Test.csproj", "{B4CB1F94-243D-4792-8004-B32C6267F7D6}"
EndProject
Global
	GlobalSection(SolutionConfigurationPlatforms) = preSolution
		Debug|Any CPU = Debug|Any CPU
		Release|Any CPU = Release|Any CPU
	EndGlobalSection
	GlobalSection(ProjectConfigurationPlatforms) = postSolution
		{A77BFDFA-BC5E-4F7F-AF44-10350D3B834B}.Debug|Any CPU.ActiveCfg = Debug|Any CPU
		{A77BFDFA-BC5E-4F7F-AF44-10350D3B834B}.Debug|Any CPU.Build.0 = Debug|Any CPU
		{A77BFDFA-BC5E-4F7F-AF44-10350D3B834B}.Release|Any CPU.ActiveCfg = Release|Any CPU
		{A77BFDFA-BC5E-4F7F-AF44-10350D3B834B}.Release|Any CPU.Build.0 = Release|Any CPU
		{764A0A62-E264-45E6-A99C-599747CD0518}.Debug|Any CPU.ActiveCfg = Debug|Any CPU
		{764A0A62-E264-45E6-A99C-599747CD0518}.Debug|Any CPU.Build.0 = Debug|Any CPU
		{764A0A62-E264-45E6-A99C-599747CD0518}.Release|Any CPU.ActiveCfg = Release|Any CPU
		{764A0A62-E264-45E6-A99C-599747CD0518}.Release|Any CPU.Build.0 = Release|Any CPU
		{8ECE34D9-7B03-45FD-9A24-8F2AF2349657}.Debug|Any CPU.ActiveCfg = Debug|Any CPU
		{8ECE34D9-7B03-45FD-9A24-8F2AF2349657}.Debug|Any CPU.Build.0 = Debug|Any CPU
		{8ECE34D9-7B03-45FD-9A24-8F2AF2349657}.Release|Any CPU.ActiveCfg = Release|Any CPU
		{8ECE34D9-7B03-45FD-9A24-8F2AF2349657}.Release|Any CPU.Build.0 = Release|Any CPU
		{97798E8F-CCFA-4330-925C-A5ADF31CF38E}.Debug|Any CPU.ActiveCfg = Debug|Any CPU
		{97798E8F-CCFA-4330-925C-A5ADF31CF38E}.Debug|Any CPU.Build.0 = Debug|Any CPU
		{97798E8F-CCFA-4330-925C-A5ADF31CF38E}.Release|Any CPU.ActiveCfg = Release|Any CPU
		{97798E8F-CCFA-4330-925C-A5ADF31CF38E}.Release|Any CPU.Build.0 = Release|Any CPU
		{A6262337-FB2C-4BF3-872B-7DCDB042C4EB}.Debug|Any CPU.ActiveCfg = Debug|Any CPU
		{A6262337-FB2C-4BF3-872B-7DCDB042C4EB}.Debug|Any CPU.Build.0 = Debug|Any CPU
		{A6262337-FB2C-4BF3-872B-7DCDB042C4EB}.Release|Any CPU.ActiveCfg = Release|Any CPU
		{A6262337-FB2C-4BF3-872B-7DCDB042C4EB}.Release|Any CPU.Build.0 = Release|Any CPU
		{B4CB1F94-243D-4792-8004-B32C6267F7D6}.Debug|Any CPU.ActiveCfg = Debug|Any CPU
		{B4CB1F94-243D-4792-8004-B32C6267F7D6}.Debug|Any CPU.Build.0 = Debug|Any CPU
		{B4CB1F94-243D-4792-8004-B32C6267F7D6}.Release|Any CPU.ActiveCfg = Release|Any CPU
		{B4CB1F94-243D-4792-8004-B32C6267F7D6}.Release|Any CPU.Build.0 = Release|Any CPU
	EndGlobalSection
	GlobalSection(SolutionProperties) = preSolution
		HideSolutionNode = FALSE
	EndGlobalSection
	GlobalSection(NestedProjects) = preSolution
		{A77BFDFA-BC5E-4F7F-AF44-10350D3B834B} = {07D743A6-038B-4617-8FF9-7F324F82A243}
		{764A0A62-E264-45E6-A99C-599747CD0518} = {B9D2AC85-F618-46C0-96BB-12908D5BD0CE}
		{8ECE34D9-7B03-45FD-9A24-8F2AF2349657} = {719CAD11-E00A-4530-9A65-92E4D5F3997F}
		{97798E8F-CCFA-4330-925C-A5ADF31CF38E} = {298FA6A3-5542-408B-B81D-7F7DCB2DAC4D}
		{A6262337-FB2C-4BF3-872B-7DCDB042C4EB} = {C600D23A-2A3A-4E3B-9262-76B7195E8F55}
		{B4CB1F94-243D-4792-8004-B32C6267F7D6} = {BE48F186-5F9D-4DB9-93ED-32A7936DB061}
	EndGlobalSection
	GlobalSection(ExtensibilityGlobals) = postSolution
		SolutionGuid = {FF22B986-42CC-4461-94AB-90D0FFF5B46C}
	EndGlobalSection
EndGlobal
