
Microsoft Visual Studio Solution File, Format Version 12.00
# Visual Studio Version 16
VisualStudioVersion = 16.0.32428.217
MinimumVisualStudioVersion = 10.0.40219.1
Project("{FAE04EC0-301F-11D3-BF4B-00C04F79EFBC}") = "EscolaAPI_FRONT", "EscolaAPI_FRONT\EscolaAPI_FRONT.csproj", "{A354298A-8959-4423-9DF4-5DC442ED7DB0}"
EndProject
Global
	GlobalSection(SolutionConfigurationPlatforms) = preSolution
		Debug|Any CPU = Debug|Any CPU
		Release|Any CPU = Release|Any CPU
	EndGlobalSection
	GlobalSection(ProjectConfigurationPlatforms) = postSolution
		{A354298A-8959-4423-9DF4-5DC442ED7DB0}.Debug|Any CPU.ActiveCfg = Debug|Any CPU
		{A354298A-8959-4423-9DF4-5DC442ED7DB0}.Debug|Any CPU.Build.0 = Debug|Any CPU
		{A354298A-8959-4423-9DF4-5DC442ED7DB0}.Release|Any CPU.ActiveCfg = Release|Any CPU
		{A354298A-8959-4423-9DF4-5DC442ED7DB0}.Release|Any CPU.Build.0 = Release|Any CPU
	EndGlobalSection
	GlobalSection(SolutionProperties) = preSolution
		HideSolutionNode = FALSE
	EndGlobalSection
	GlobalSection(ExtensibilityGlobals) = postSolution
		SolutionGuid = {869FC757-DCE4-4626-AEA5-2B5C7697D187}
	EndGlobalSection
EndGlobal
